
Microsoft Visual Studio Solution File, Format Version 12.00
# Visual Studio 15
VisualStudioVersion = 15.0.28010.2048
MinimumVisualStudioVersion = 10.0.40219.1
Project("{FAE04EC0-301F-11D3-BF4B-00C04F79EFBC}") = "TermProject", "TermProject\TermProject.csproj", "{06486E9C-DE82-4C28-AB37-1107BA0BB0AE}"
EndProject
Global
	GlobalSection(SolutionConfigurationPlatforms) = preSolution
		Debug|Any CPU = Debug|Any CPU
		Release|Any CPU = Release|Any CPU
	EndGlobalSection
	GlobalSection(ProjectConfigurationPlatforms) = postSolution
		{06486E9C-DE82-4C28-AB37-1107BA0BB0AE}.Debug|Any CPU.ActiveCfg = Debug|Any CPU
		{06486E9C-DE82-4C28-AB37-1107BA0BB0AE}.Debug|Any CPU.Build.0 = Debug|Any CPU
		{06486E9C-DE82-4C28-AB37-1107BA0BB0AE}.Release|Any CPU.ActiveCfg = Release|Any CPU
		{06486E9C-DE82-4C28-AB37-1107BA0BB0AE}.Release|Any CPU.Build.0 = Release|Any CPU
	EndGlobalSection
	GlobalSection(SolutionProperties) = preSolution
		HideSolutionNode = FALSE
	EndGlobalSection
	GlobalSection(ExtensibilityGlobals) = postSolution
		SolutionGuid = {7D8D1443-A689-4217-BB3A-D8D99534504E}
	EndGlobalSection
EndGlobal
